
Microsoft Visual Studio Solution File, Format Version 12.00
# Visual Studio Version 17
VisualStudioVersion = 17.12.35707.178 d17.12
MinimumVisualStudioVersion = 10.0.40219.1
Project("{2150E333-8FDC-42A3-9474-1A3956D46DE8}") = "Task0", "Task0", "{D951EAF2-5209-4036-B110-DFB9F6021797}"
EndProject
Project("{FAE04EC0-301F-11D3-BF4B-00C04F79EFBC}") = "Tyuiu.FendelNS.Sprint1.Task0.V25", "Tyuiu.FendelNS.Sprint1.Task0.V25\Tyuiu.FendelNS.Sprint1.Task0.V25.csproj", "{96F45780-C9F8-4122-97FE-9307F1274AD3}"
EndProject
Project("{FAE04EC0-301F-11D3-BF4B-00C04F79EFBC}") = "Tyuiu.FendelNS.Sprint1.Task0.V25.Lib", "Tyuiu.FendelNS.Sprint1.Task0.V25.Lib\Tyuiu.FendelNS.Sprint1.Task0.V25.Lib.csproj", "{D204C464-DF4F-41FA-8822-8891636BF111}"
EndProject
Project("{FAE04EC0-301F-11D3-BF4B-00C04F79EFBC}") = "Tyuiu.FendelNS.Sprint1.Task0.V25.Test", "Tyuiu.FendelNS.Sprint1.Task0.V25.Test\Tyuiu.FendelNS.Sprint1.Task0.V25.Test.csproj", "{64930140-77D5-4126-BBC9-9942036EB144}"
EndProject
Global
	GlobalSection(SolutionConfigurationPlatforms) = preSolution
		Debug|Any CPU = Debug|Any CPU
		Release|Any CPU = Release|Any CPU
	EndGlobalSection
	GlobalSection(ProjectConfigurationPlatforms) = postSolution
		{96F45780-C9F8-4122-97FE-9307F1274AD3}.Debug|Any CPU.ActiveCfg = Debug|Any CPU
		{96F45780-C9F8-4122-97FE-9307F1274AD3}.Debug|Any CPU.Build.0 = Debug|Any CPU
		{96F45780-C9F8-4122-97FE-9307F1274AD3}.Release|Any CPU.ActiveCfg = Release|Any CPU
		{96F45780-C9F8-4122-97FE-9307F1274AD3}.Release|Any CPU.Build.0 = Release|Any CPU
		{D204C464-DF4F-41FA-8822-8891636BF111}.Debug|Any CPU.ActiveCfg = Debug|Any CPU
		{D204C464-DF4F-41FA-8822-8891636BF111}.Debug|Any CPU.Build.0 = Debug|Any CPU
		{D204C464-DF4F-41FA-8822-8891636BF111}.Release|Any CPU.ActiveCfg = Release|Any CPU
		{D204C464-DF4F-41FA-8822-8891636BF111}.Release|Any CPU.Build.0 = Release|Any CPU
		{64930140-77D5-4126-BBC9-9942036EB144}.Debug|Any CPU.ActiveCfg = Debug|Any CPU
		{64930140-77D5-4126-BBC9-9942036EB144}.Debug|Any CPU.Build.0 = Debug|Any CPU
		{64930140-77D5-4126-BBC9-9942036EB144}.Release|Any CPU.ActiveCfg = Release|Any CPU
		{64930140-77D5-4126-BBC9-9942036EB144}.Release|Any CPU.Build.0 = Release|Any CPU
	EndGlobalSection
	GlobalSection(SolutionProperties) = preSolution
		HideSolutionNode = FALSE
	EndGlobalSection
	GlobalSection(NestedProjects) = preSolution
		{96F45780-C9F8-4122-97FE-9307F1274AD3} = {D951EAF2-5209-4036-B110-DFB9F6021797}
		{D204C464-DF4F-41FA-8822-8891636BF111} = {D951EAF2-5209-4036-B110-DFB9F6021797}
		{64930140-77D5-4126-BBC9-9942036EB144} = {D951EAF2-5209-4036-B110-DFB9F6021797}
	EndGlobalSection
EndGlobal
