
Microsoft Visual Studio Solution File, Format Version 12.00
# Visual Studio Version 17
VisualStudioVersion = 17.12.35707.178
MinimumVisualStudioVersion = 10.0.40219.1
Project("{2150E333-8FDC-42A3-9474-1A3956D46DE8}") = "Task0", "Task0", "{D951EAF2-5209-4036-B110-DFB9F6021797}"
EndProject
Project("{FAE04EC0-301F-11D3-BF4B-00C04F79EFBC}") = "Tyuiu.FendelNS.Sprint1.Task0.V25", "Tyuiu.FendelNS.Sprint1.Task0.V25\Tyuiu.FendelNS.Sprint1.Task0.V25.csproj", "{96F45780-C9F8-4122-97FE-9307F1274AD3}"
EndProject
Project("{FAE04EC0-301F-11D3-BF4B-00C04F79EFBC}") = "Tyuiu.FendelNS.Sprint1.Task0.V25.Lib", "Tyuiu.FendelNS.Sprint1.Task0.V25.Lib\Tyuiu.FendelNS.Sprint1.Task0.V25.Lib.csproj", "{D204C464-DF4F-41FA-8822-8891636BF111}"
EndProject
Project("{FAE04EC0-301F-11D3-BF4B-00C04F79EFBC}") = "Tyuiu.FendelNS.Sprint1.Task0.V25.Test", "Tyuiu.FendelNS.Sprint1.Task0.V25.Test\Tyuiu.FendelNS.Sprint1.Task0.V25.Test.csproj", "{64930140-77D5-4126-BBC9-9942036EB144}"
EndProject
Project("{2150E333-8FDC-42A3-9474-1A3956D46DE8}") = "Task1", "Task1", "{BA6BFD93-AB6B-49D0-B9FE-1C794D0A34A6}"
EndProject
Project("{FAE04EC0-301F-11D3-BF4B-00C04F79EFBC}") = "Tyuiu.FendelNS.Sprint1.Task1.V1", "Tyuiu.FendelNS.Sprint1.Task1.V1\Tyuiu.FendelNS.Sprint1.Task1.V1.csproj", "{081AB599-746E-4982-A403-155A93FCCF85}"
EndProject
Project("{FAE04EC0-301F-11D3-BF4B-00C04F79EFBC}") = "Tyuiu.FendelNS.Sprint1.Task1.V1.Lib", "Tyuiu.FendelNS.Sprint1.Task1.V1.Lib\Tyuiu.FendelNS.Sprint1.Task1.V1.Lib.csproj", "{04A6CCCD-3DF6-48CA-A41E-F9DF5C3771F1}"
EndProject
Project("{FAE04EC0-301F-11D3-BF4B-00C04F79EFBC}") = "Tyuiu.FendelNS.Sprint1.Task1.V1.Test", "Tyuiu.FendelNS.Sprint1.Task1.V1.Test\Tyuiu.FendelNS.Sprint1.Task1.V1.Test.csproj", "{5031CF1D-98E7-4944-B2FB-8B0C51E17C05}"
EndProject
Project("{2150E333-8FDC-42A3-9474-1A3956D46DE8}") = "Task2", "Task2", "{01E7DFD4-0865-4755-A264-2B1F7A3DF8DB}"
EndProject
Project("{FAE04EC0-301F-11D3-BF4B-00C04F79EFBC}") = "Tyuiu.FendelNS.Sprint1.Task2.V18", "Tyuiu.FendelNS.Sprint1.Task2.V18\Tyuiu.FendelNS.Sprint1.Task2.V18.csproj", "{C04D53C5-CB91-4A5A-A5C9-34E89A48A2BB}"
EndProject
Project("{FAE04EC0-301F-11D3-BF4B-00C04F79EFBC}") = "Tyuiu.FendelNS.Sprint1.Task2.V18.Lib", "Tyuiu.FendelNS.Sprint1.Task2.V18.Lib\Tyuiu.FendelNS.Sprint1.Task2.V18.Lib.csproj", "{7D42B4E8-D422-4308-A575-5987A562A699}"
EndProject
Project("{FAE04EC0-301F-11D3-BF4B-00C04F79EFBC}") = "Tyuiu.FendelNS.Sprint1.Task2.V18.Test", "Tyuiu.FendelNS.Sprint1.Task2.V18.Test\Tyuiu.FendelNS.Sprint1.Task2.V18.Test.csproj", "{1DF226DE-77B8-403E-9887-1DA17182E9FA}"
EndProject
Project("{2150E333-8FDC-42A3-9474-1A3956D46DE8}") = "Task3", "Task3", "{148C3868-6ECF-40FF-9BF3-BE10B9475D17}"
EndProject
Project("{FAE04EC0-301F-11D3-BF4B-00C04F79EFBC}") = "Tyuiu.FendelNS.Sprint1.Task3.V4", "Tyuiu.FendelNS.Sprint1.Task3.V4\Tyuiu.FendelNS.Sprint1.Task3.V4.csproj", "{207355EA-8B5A-4739-8CCB-94C63C2AF800}"
EndProject
Project("{FAE04EC0-301F-11D3-BF4B-00C04F79EFBC}") = "Tyuiu.FendelNS.Sprint1.Task3.V4.Lib", "Tyuiu.FendelNS.Sprint1.Task3.V4.Lib\Tyuiu.FendelNS.Sprint1.Task3.V4.Lib.csproj", "{EE713B1B-EAA5-4025-ABD0-D81CFADB3423}"
EndProject
Project("{FAE04EC0-301F-11D3-BF4B-00C04F79EFBC}") = "Tyuiu.FendelNS.Sprint1.Task3.V4.Test", "Tyuiu.FendelNS.Sprint1.Task3.V4.Test\Tyuiu.FendelNS.Sprint1.Task3.V4.Test.csproj", "{EDABFC56-1142-4F6F-A738-330F091B6475}"
EndProject
Project("{2150E333-8FDC-42A3-9474-1A3956D46DE8}") = "Task4", "Task4", "{D0588EAA-ECCB-48FC-865B-B45BF446D92B}"
EndProject
Project("{FAE04EC0-301F-11D3-BF4B-00C04F79EFBC}") = "Tyuiu.FendelNS.Sprint1.Task4.V1", "Tyuiu.FendelNS.Sprint1.Task4.V1\Tyuiu.FendelNS.Sprint1.Task4.V1.csproj", "{5C533918-BF77-48DF-887B-6308679DFD44}"
EndProject
Project("{FAE04EC0-301F-11D3-BF4B-00C04F79EFBC}") = "Tyuiu.FendelNS.Sprint1.Task4.V1.Lib", "Tyuiu.FendelNS.Sprint1.Task4.V1.Lib\Tyuiu.FendelNS.Sprint1.Task4.V1.Lib.csproj", "{6DAF628C-A223-4A5B-93A3-E47314C6E675}"
EndProject
Project("{FAE04EC0-301F-11D3-BF4B-00C04F79EFBC}") = "Tyuiu.FendelNS.Sprint1.Task4.V1.Test", "Tyuiu.FendelNS.Sprint1.Task4.V1.Test\Tyuiu.FendelNS.Sprint1.Task4.V1.Test.csproj", "{ABFCC38E-EBCE-4C81-BD19-A79AF02FD0E2}"
EndProject
Project("{2150E333-8FDC-42A3-9474-1A3956D46DE8}") = "Task5", "Task5", "{22900166-0A77-4F25-9DBC-6D5E1A372886}"
EndProject
Project("{FAE04EC0-301F-11D3-BF4B-00C04F79EFBC}") = "Tyuiu.FendelNS.Sprint1.Task5.V3", "Tyuiu.FendelNS.Sprint1.Task5.V3\Tyuiu.FendelNS.Sprint1.Task5.V3.csproj", "{A208E0ED-985A-4FE5-AEF6-5EBBD23DADD6}"
EndProject
Project("{FAE04EC0-301F-11D3-BF4B-00C04F79EFBC}") = "Tyuiu.FendelNS.Sprint1.Task5.V3.Lib", "Tyuiu.FendelNS.Sprint1.Task5.V3.Lib\Tyuiu.FendelNS.Sprint1.Task5.V3.Lib.csproj", "{87D36BEC-60B0-41D8-A41D-791478D62B92}"
EndProject
Project("{FAE04EC0-301F-11D3-BF4B-00C04F79EFBC}") = "Tyuiu.FendelNS.Sprint1.Task5.V3.Test", "Tyuiu.FendelNS.Sprint1.Task5.V3.Test\Tyuiu.FendelNS.Sprint1.Task5.V3.Test.csproj", "{F4890D44-DCE0-485D-A336-28C239B76127}"
EndProject
Project("{2150E333-8FDC-42A3-9474-1A3956D46DE8}") = "Task6", "Task6", "{F5CE18B2-11D1-44B4-B46C-F5F66E26A7A5}"
EndProject
Project("{FAE04EC0-301F-11D3-BF4B-00C04F79EFBC}") = "Tyuiu.FendelNS.Sprint1.Task6.V16", "Tyuiu.FendelNS.Sprint1.Task6.V16\Tyuiu.FendelNS.Sprint1.Task6.V16.csproj", "{AAE81786-AE9D-4270-9BA9-963A6568CDFD}"
EndProject
Project("{FAE04EC0-301F-11D3-BF4B-00C04F79EFBC}") = "Tyuiu.FendelNS.Sprint1.Task6.V16.Lib", "Tyuiu.FendelNS.Sprint1.Task6.V16.Lib\Tyuiu.FendelNS.Sprint1.Task6.V16.Lib.csproj", "{5123C671-D43A-4502-9D0B-8AA54142EC32}"
EndProject
Project("{FAE04EC0-301F-11D3-BF4B-00C04F79EFBC}") = "Tyuiu.FendelNS.Sprint1.Task6.V16.Test", "Tyuiu.FendelNS.Sprint1.Task6.V16.Test\Tyuiu.FendelNS.Sprint1.Task6.V16.Test.csproj", "{A2DDEBAF-6EAB-459D-8182-DD6F82973CEE}"
EndProject
Global
	GlobalSection(SolutionConfigurationPlatforms) = preSolution
		Debug|Any CPU = Debug|Any CPU
		Release|Any CPU = Release|Any CPU
	EndGlobalSection
	GlobalSection(ProjectConfigurationPlatforms) = postSolution
		{96F45780-C9F8-4122-97FE-9307F1274AD3}.Debug|Any CPU.ActiveCfg = Debug|Any CPU
		{96F45780-C9F8-4122-97FE-9307F1274AD3}.Debug|Any CPU.Build.0 = Debug|Any CPU
		{96F45780-C9F8-4122-97FE-9307F1274AD3}.Release|Any CPU.ActiveCfg = Release|Any CPU
		{96F45780-C9F8-4122-97FE-9307F1274AD3}.Release|Any CPU.Build.0 = Release|Any CPU
		{D204C464-DF4F-41FA-8822-8891636BF111}.Debug|Any CPU.ActiveCfg = Debug|Any CPU
		{D204C464-DF4F-41FA-8822-8891636BF111}.Debug|Any CPU.Build.0 = Debug|Any CPU
		{D204C464-DF4F-41FA-8822-8891636BF111}.Release|Any CPU.ActiveCfg = Release|Any CPU
		{D204C464-DF4F-41FA-8822-8891636BF111}.Release|Any CPU.Build.0 = Release|Any CPU
		{64930140-77D5-4126-BBC9-9942036EB144}.Debug|Any CPU.ActiveCfg = Debug|Any CPU
		{64930140-77D5-4126-BBC9-9942036EB144}.Debug|Any CPU.Build.0 = Debug|Any CPU
		{64930140-77D5-4126-BBC9-9942036EB144}.Release|Any CPU.ActiveCfg = Release|Any CPU
		{64930140-77D5-4126-BBC9-9942036EB144}.Release|Any CPU.Build.0 = Release|Any CPU
		{081AB599-746E-4982-A403-155A93FCCF85}.Debug|Any CPU.ActiveCfg = Debug|Any CPU
		{081AB599-746E-4982-A403-155A93FCCF85}.Debug|Any CPU.Build.0 = Debug|Any CPU
		{081AB599-746E-4982-A403-155A93FCCF85}.Release|Any CPU.ActiveCfg = Release|Any CPU
		{081AB599-746E-4982-A403-155A93FCCF85}.Release|Any CPU.Build.0 = Release|Any CPU
		{04A6CCCD-3DF6-48CA-A41E-F9DF5C3771F1}.Debug|Any CPU.ActiveCfg = Debug|Any CPU
		{04A6CCCD-3DF6-48CA-A41E-F9DF5C3771F1}.Debug|Any CPU.Build.0 = Debug|Any CPU
		{04A6CCCD-3DF6-48CA-A41E-F9DF5C3771F1}.Release|Any CPU.ActiveCfg = Release|Any CPU
		{04A6CCCD-3DF6-48CA-A41E-F9DF5C3771F1}.Release|Any CPU.Build.0 = Release|Any CPU
		{5031CF1D-98E7-4944-B2FB-8B0C51E17C05}.Debug|Any CPU.ActiveCfg = Debug|Any CPU
		{5031CF1D-98E7-4944-B2FB-8B0C51E17C05}.Debug|Any CPU.Build.0 = Debug|Any CPU
		{5031CF1D-98E7-4944-B2FB-8B0C51E17C05}.Release|Any CPU.ActiveCfg = Release|Any CPU
		{5031CF1D-98E7-4944-B2FB-8B0C51E17C05}.Release|Any CPU.Build.0 = Release|Any CPU
		{C04D53C5-CB91-4A5A-A5C9-34E89A48A2BB}.Debug|Any CPU.ActiveCfg = Debug|Any CPU
		{C04D53C5-CB91-4A5A-A5C9-34E89A48A2BB}.Debug|Any CPU.Build.0 = Debug|Any CPU
		{C04D53C5-CB91-4A5A-A5C9-34E89A48A2BB}.Release|Any CPU.ActiveCfg = Release|Any CPU
		{C04D53C5-CB91-4A5A-A5C9-34E89A48A2BB}.Release|Any CPU.Build.0 = Release|Any CPU
		{7D42B4E8-D422-4308-A575-5987A562A699}.Debug|Any CPU.ActiveCfg = Debug|Any CPU
		{7D42B4E8-D422-4308-A575-5987A562A699}.Debug|Any CPU.Build.0 = Debug|Any CPU
		{7D42B4E8-D422-4308-A575-5987A562A699}.Release|Any CPU.ActiveCfg = Release|Any CPU
		{7D42B4E8-D422-4308-A575-5987A562A699}.Release|Any CPU.Build.0 = Release|Any CPU
		{1DF226DE-77B8-403E-9887-1DA17182E9FA}.Debug|Any CPU.ActiveCfg = Debug|Any CPU
		{1DF226DE-77B8-403E-9887-1DA17182E9FA}.Debug|Any CPU.Build.0 = Debug|Any CPU
		{1DF226DE-77B8-403E-9887-1DA17182E9FA}.Release|Any CPU.ActiveCfg = Release|Any CPU
		{1DF226DE-77B8-403E-9887-1DA17182E9FA}.Release|Any CPU.Build.0 = Release|Any CPU
		{207355EA-8B5A-4739-8CCB-94C63C2AF800}.Debug|Any CPU.ActiveCfg = Debug|Any CPU
		{207355EA-8B5A-4739-8CCB-94C63C2AF800}.Debug|Any CPU.Build.0 = Debug|Any CPU
		{207355EA-8B5A-4739-8CCB-94C63C2AF800}.Release|Any CPU.ActiveCfg = Release|Any CPU
		{207355EA-8B5A-4739-8CCB-94C63C2AF800}.Release|Any CPU.Build.0 = Release|Any CPU
		{EE713B1B-EAA5-4025-ABD0-D81CFADB3423}.Debug|Any CPU.ActiveCfg = Debug|Any CPU
		{EE713B1B-EAA5-4025-ABD0-D81CFADB3423}.Debug|Any CPU.Build.0 = Debug|Any CPU
		{EE713B1B-EAA5-4025-ABD0-D81CFADB3423}.Release|Any CPU.ActiveCfg = Release|Any CPU
		{EE713B1B-EAA5-4025-ABD0-D81CFADB3423}.Release|Any CPU.Build.0 = Release|Any CPU
		{EDABFC56-1142-4F6F-A738-330F091B6475}.Debug|Any CPU.ActiveCfg = Debug|Any CPU
		{EDABFC56-1142-4F6F-A738-330F091B6475}.Debug|Any CPU.Build.0 = Debug|Any CPU
		{EDABFC56-1142-4F6F-A738-330F091B6475}.Release|Any CPU.ActiveCfg = Release|Any CPU
		{EDABFC56-1142-4F6F-A738-330F091B6475}.Release|Any CPU.Build.0 = Release|Any CPU
		{5C533918-BF77-48DF-887B-6308679DFD44}.Debug|Any CPU.ActiveCfg = Debug|Any CPU
		{5C533918-BF77-48DF-887B-6308679DFD44}.Debug|Any CPU.Build.0 = Debug|Any CPU
		{5C533918-BF77-48DF-887B-6308679DFD44}.Release|Any CPU.ActiveCfg = Release|Any CPU
		{5C533918-BF77-48DF-887B-6308679DFD44}.Release|Any CPU.Build.0 = Release|Any CPU
		{6DAF628C-A223-4A5B-93A3-E47314C6E675}.Debug|Any CPU.ActiveCfg = Debug|Any CPU
		{6DAF628C-A223-4A5B-93A3-E47314C6E675}.Debug|Any CPU.Build.0 = Debug|Any CPU
		{6DAF628C-A223-4A5B-93A3-E47314C6E675}.Release|Any CPU.ActiveCfg = Release|Any CPU
		{6DAF628C-A223-4A5B-93A3-E47314C6E675}.Release|Any CPU.Build.0 = Release|Any CPU
		{ABFCC38E-EBCE-4C81-BD19-A79AF02FD0E2}.Debug|Any CPU.ActiveCfg = Debug|Any CPU
		{ABFCC38E-EBCE-4C81-BD19-A79AF02FD0E2}.Debug|Any CPU.Build.0 = Debug|Any CPU
		{ABFCC38E-EBCE-4C81-BD19-A79AF02FD0E2}.Release|Any CPU.ActiveCfg = Release|Any CPU
		{ABFCC38E-EBCE-4C81-BD19-A79AF02FD0E2}.Release|Any CPU.Build.0 = Release|Any CPU
		{A208E0ED-985A-4FE5-AEF6-5EBBD23DADD6}.Debug|Any CPU.ActiveCfg = Debug|Any CPU
		{A208E0ED-985A-4FE5-AEF6-5EBBD23DADD6}.Debug|Any CPU.Build.0 = Debug|Any CPU
		{A208E0ED-985A-4FE5-AEF6-5EBBD23DADD6}.Release|Any CPU.ActiveCfg = Release|Any CPU
		{A208E0ED-985A-4FE5-AEF6-5EBBD23DADD6}.Release|Any CPU.Build.0 = Release|Any CPU
		{87D36BEC-60B0-41D8-A41D-791478D62B92}.Debug|Any CPU.ActiveCfg = Debug|Any CPU
		{87D36BEC-60B0-41D8-A41D-791478D62B92}.Debug|Any CPU.Build.0 = Debug|Any CPU
		{87D36BEC-60B0-41D8-A41D-791478D62B92}.Release|Any CPU.ActiveCfg = Release|Any CPU
		{87D36BEC-60B0-41D8-A41D-791478D62B92}.Release|Any CPU.Build.0 = Release|Any CPU
		{F4890D44-DCE0-485D-A336-28C239B76127}.Debug|Any CPU.ActiveCfg = Debug|Any CPU
		{F4890D44-DCE0-485D-A336-28C239B76127}.Debug|Any CPU.Build.0 = Debug|Any CPU
		{F4890D44-DCE0-485D-A336-28C239B76127}.Release|Any CPU.ActiveCfg = Release|Any CPU
		{F4890D44-DCE0-485D-A336-28C239B76127}.Release|Any CPU.Build.0 = Release|Any CPU
		{AAE81786-AE9D-4270-9BA9-963A6568CDFD}.Debug|Any CPU.ActiveCfg = Debug|Any CPU
		{AAE81786-AE9D-4270-9BA9-963A6568CDFD}.Debug|Any CPU.Build.0 = Debug|Any CPU
		{AAE81786-AE9D-4270-9BA9-963A6568CDFD}.Release|Any CPU.ActiveCfg = Release|Any CPU
		{AAE81786-AE9D-4270-9BA9-963A6568CDFD}.Release|Any CPU.Build.0 = Release|Any CPU
		{5123C671-D43A-4502-9D0B-8AA54142EC32}.Debug|Any CPU.ActiveCfg = Debug|Any CPU
		{5123C671-D43A-4502-9D0B-8AA54142EC32}.Debug|Any CPU.Build.0 = Debug|Any CPU
		{5123C671-D43A-4502-9D0B-8AA54142EC32}.Release|Any CPU.ActiveCfg = Release|Any CPU
		{5123C671-D43A-4502-9D0B-8AA54142EC32}.Release|Any CPU.Build.0 = Release|Any CPU
		{A2DDEBAF-6EAB-459D-8182-DD6F82973CEE}.Debug|Any CPU.ActiveCfg = Debug|Any CPU
		{A2DDEBAF-6EAB-459D-8182-DD6F82973CEE}.Debug|Any CPU.Build.0 = Debug|Any CPU
		{A2DDEBAF-6EAB-459D-8182-DD6F82973CEE}.Release|Any CPU.ActiveCfg = Release|Any CPU
		{A2DDEBAF-6EAB-459D-8182-DD6F82973CEE}.Release|Any CPU.Build.0 = Release|Any CPU
	EndGlobalSection
	GlobalSection(SolutionProperties) = preSolution
		HideSolutionNode = FALSE
	EndGlobalSection
	GlobalSection(NestedProjects) = preSolution
		{96F45780-C9F8-4122-97FE-9307F1274AD3} = {D951EAF2-5209-4036-B110-DFB9F6021797}
		{D204C464-DF4F-41FA-8822-8891636BF111} = {D951EAF2-5209-4036-B110-DFB9F6021797}
		{64930140-77D5-4126-BBC9-9942036EB144} = {D951EAF2-5209-4036-B110-DFB9F6021797}
		{081AB599-746E-4982-A403-155A93FCCF85} = {BA6BFD93-AB6B-49D0-B9FE-1C794D0A34A6}
		{04A6CCCD-3DF6-48CA-A41E-F9DF5C3771F1} = {BA6BFD93-AB6B-49D0-B9FE-1C794D0A34A6}
		{5031CF1D-98E7-4944-B2FB-8B0C51E17C05} = {BA6BFD93-AB6B-49D0-B9FE-1C794D0A34A6}
		{C04D53C5-CB91-4A5A-A5C9-34E89A48A2BB} = {01E7DFD4-0865-4755-A264-2B1F7A3DF8DB}
		{7D42B4E8-D422-4308-A575-5987A562A699} = {01E7DFD4-0865-4755-A264-2B1F7A3DF8DB}
		{1DF226DE-77B8-403E-9887-1DA17182E9FA} = {01E7DFD4-0865-4755-A264-2B1F7A3DF8DB}
		{207355EA-8B5A-4739-8CCB-94C63C2AF800} = {148C3868-6ECF-40FF-9BF3-BE10B9475D17}
		{EE713B1B-EAA5-4025-ABD0-D81CFADB3423} = {148C3868-6ECF-40FF-9BF3-BE10B9475D17}
		{EDABFC56-1142-4F6F-A738-330F091B6475} = {148C3868-6ECF-40FF-9BF3-BE10B9475D17}
		{5C533918-BF77-48DF-887B-6308679DFD44} = {D0588EAA-ECCB-48FC-865B-B45BF446D92B}
		{6DAF628C-A223-4A5B-93A3-E47314C6E675} = {D0588EAA-ECCB-48FC-865B-B45BF446D92B}
		{ABFCC38E-EBCE-4C81-BD19-A79AF02FD0E2} = {D0588EAA-ECCB-48FC-865B-B45BF446D92B}
		{A208E0ED-985A-4FE5-AEF6-5EBBD23DADD6} = {22900166-0A77-4F25-9DBC-6D5E1A372886}
		{87D36BEC-60B0-41D8-A41D-791478D62B92} = {22900166-0A77-4F25-9DBC-6D5E1A372886}
		{F4890D44-DCE0-485D-A336-28C239B76127} = {22900166-0A77-4F25-9DBC-6D5E1A372886}
		{AAE81786-AE9D-4270-9BA9-963A6568CDFD} = {F5CE18B2-11D1-44B4-B46C-F5F66E26A7A5}
		{5123C671-D43A-4502-9D0B-8AA54142EC32} = {F5CE18B2-11D1-44B4-B46C-F5F66E26A7A5}
		{A2DDEBAF-6EAB-459D-8182-DD6F82973CEE} = {F5CE18B2-11D1-44B4-B46C-F5F66E26A7A5}
	EndGlobalSection
EndGlobal
